
Microsoft Visual Studio Solution File, Format Version 12.00
# Visual Studio Version 17
VisualStudioVersion = 17.9.34616.47
MinimumVisualStudioVersion = 10.0.40219.1
Project("{FAE04EC0-301F-11D3-BF4B-00C04F79EFBC}") = "CLD", "CLD.csproj", "{5F78E536-F3DB-46F2-8EBF-DE51F8190B4E}"
EndProject
Global
	GlobalSection(SolutionConfigurationPlatforms) = preSolution
		Debug|Any CPU = Debug|Any CPU
		Release|Any CPU = Release|Any CPU
	EndGlobalSection
	GlobalSection(ProjectConfigurationPlatforms) = postSolution
		{5F78E536-F3DB-46F2-8EBF-DE51F8190B4E}.Debug|Any CPU.ActiveCfg = Debug|Any CPU
		{5F78E536-F3DB-46F2-8EBF-DE51F8190B4E}.Debug|Any CPU.Build.0 = Debug|Any CPU
		{5F78E536-F3DB-46F2-8EBF-DE51F8190B4E}.Release|Any CPU.ActiveCfg = Release|Any CPU
		{5F78E536-F3DB-46F2-8EBF-DE51F8190B4E}.Release|Any CPU.Build.0 = Release|Any CPU
	EndGlobalSection
	GlobalSection(SolutionProperties) = preSolution
		HideSolutionNode = FALSE
	EndGlobalSection
	GlobalSection(ExtensibilityGlobals) = postSolution
		SolutionGuid = {DB9B0BF3-4034-4933-8FA6-48C9DE1AE5D8}
	EndGlobalSection
EndGlobal
